
Microsoft Visual Studio Solution File, Format Version 12.00
Project("{FAE04EC0-301F-11D3-BF4B-00C04F79EFBC}") = "oop_lab_4", "oop_lab_4\oop_lab_4.csproj", "{C36BC3DA-0F8B-4F4E-8E8C-B14CEC11D9F6}"
EndProject
Global
	GlobalSection(SolutionConfigurationPlatforms) = preSolution
		Debug|Any CPU = Debug|Any CPU
		Release|Any CPU = Release|Any CPU
	EndGlobalSection
	GlobalSection(ProjectConfigurationPlatforms) = postSolution
		{C36BC3DA-0F8B-4F4E-8E8C-B14CEC11D9F6}.Debug|Any CPU.ActiveCfg = Debug|Any CPU
		{C36BC3DA-0F8B-4F4E-8E8C-B14CEC11D9F6}.Debug|Any CPU.Build.0 = Debug|Any CPU
		{C36BC3DA-0F8B-4F4E-8E8C-B14CEC11D9F6}.Release|Any CPU.ActiveCfg = Release|Any CPU
		{C36BC3DA-0F8B-4F4E-8E8C-B14CEC11D9F6}.Release|Any CPU.Build.0 = Release|Any CPU
	EndGlobalSection
EndGlobal
