
Microsoft Visual Studio Solution File, Format Version 12.00
# Visual Studio Version 16
VisualStudioVersion = 16.0.29613.14
MinimumVisualStudioVersion = 10.0.40219.1
Project("{FAE04EC0-301F-11D3-BF4B-00C04F79EFBC}") = "Lab_5", "Lab_5\Lab_5.csproj", "{A08BB8F9-BA4D-446E-8D59-829610A5778E}"
EndProject
Global
	GlobalSection(SolutionConfigurationPlatforms) = preSolution
		Debug|Any CPU = Debug|Any CPU
		Release|Any CPU = Release|Any CPU
	EndGlobalSection
	GlobalSection(ProjectConfigurationPlatforms) = postSolution
		{A08BB8F9-BA4D-446E-8D59-829610A5778E}.Debug|Any CPU.ActiveCfg = Debug|Any CPU
		{A08BB8F9-BA4D-446E-8D59-829610A5778E}.Debug|Any CPU.Build.0 = Debug|Any CPU
		{A08BB8F9-BA4D-446E-8D59-829610A5778E}.Release|Any CPU.ActiveCfg = Release|Any CPU
		{A08BB8F9-BA4D-446E-8D59-829610A5778E}.Release|Any CPU.Build.0 = Release|Any CPU
	EndGlobalSection
	GlobalSection(SolutionProperties) = preSolution
		HideSolutionNode = FALSE
	EndGlobalSection
	GlobalSection(ExtensibilityGlobals) = postSolution
		SolutionGuid = {A1DB839D-B182-4C21-A787-B3C2F34335D5}
	EndGlobalSection
EndGlobal
